// !$*UTF8*$!
{
	archiveVersion = 1;
	classes = {
	};
	objectVersion = 46;
	objects = {

/* Begin PBXBuildFile section */
		826834711D9ED286000C28C1 /* main.cpp in Sources */ = {isa = PBXBuildFile; fileRef = 826834701D9ED286000C28C1 /* main.cpp */; };
		8268347D1D9ED2CF000C28C1 /* Reader.cpp in Sources */ = {isa = PBXBuildFile; fileRef = 8268347B1D9ED2CF000C28C1 /* Reader.cpp */; };
		826834841D9ED961000C28C1 /* RadixSort.cpp in Sources */ = {isa = PBXBuildFile; fileRef = 826834821D9ED961000C28C1 /* RadixSort.cpp */; };
		826834871D9EDA40000C28C1 /* CountingSort.cpp in Sources */ = {isa = PBXBuildFile; fileRef = 826834851D9EDA40000C28C1 /* CountingSort.cpp */; };
		8268348A1D9EDA8F000C28C1 /* Helper.cpp in Sources */ = {isa = PBXBuildFile; fileRef = 826834881D9EDA8F000C28C1 /* Helper.cpp */; };
		8268348D1D9EDBB7000C28C1 /* BubbleSort.cpp in Sources */ = {isa = PBXBuildFile; fileRef = 8268348B1D9EDBB7000C28C1 /* BubbleSort.cpp */; };
		826834901D9EDC7D000C28C1 /* HeapSort.cpp in Sources */ = {isa = PBXBuildFile; fileRef = 8268348E1D9EDC7D000C28C1 /* HeapSort.cpp */; };
		826834931D9EDFC6000C28C1 /* InsertionSort.cpp in Sources */ = {isa = PBXBuildFile; fileRef = 826834911D9EDFC6000C28C1 /* InsertionSort.cpp */; };
		826834961D9EE127000C28C1 /* SelectionSort.cpp in Sources */ = {isa = PBXBuildFile; fileRef = 826834941D9EE127000C28C1 /* SelectionSort.cpp */; };
		826834991D9EE2FE000C28C1 /* QuickSort.cpp in Sources */ = {isa = PBXBuildFile; fileRef = 826834971D9EE2FE000C28C1 /* QuickSort.cpp */; };
/* End PBXBuildFile section */

/* Begin PBXCopyFilesBuildPhase section */
		8268346B1D9ED285000C28C1 /* CopyFiles */ = {
			isa = PBXCopyFilesBuildPhase;
			buildActionMask = 2147483647;
			dstPath = /usr/share/man/man1/;
			dstSubfolderSpec = 0;
			files = (
			);
			runOnlyForDeploymentPostprocessing = 1;
		};
/* End PBXCopyFilesBuildPhase section */

/* Begin PBXFileReference section */
		8268346D1D9ED286000C28C1 /* TrabalhoComparacaoOrdenacoes */ = {isa = PBXFileReference; explicitFileType = "compiled.mach-o.executable"; includeInIndex = 0; path = TrabalhoComparacaoOrdenacoes; sourceTree = BUILT_PRODUCTS_DIR; };
		826834701D9ED286000C28C1 /* main.cpp */ = {isa = PBXFileReference; lastKnownFileType = sourcecode.cpp.cpp; path = main.cpp; sourceTree = "<group>"; };
		8268347B1D9ED2CF000C28C1 /* Reader.cpp */ = {isa = PBXFileReference; fileEncoding = 4; lastKnownFileType = sourcecode.cpp.cpp; path = Reader.cpp; sourceTree = "<group>"; };
		8268347C1D9ED2CF000C28C1 /* Reader.hpp */ = {isa = PBXFileReference; fileEncoding = 4; lastKnownFileType = sourcecode.cpp.h; path = Reader.hpp; sourceTree = "<group>"; };
		8268347F1D9ED866000C28C1 /* SortAlgorithm.hpp */ = {isa = PBXFileReference; fileEncoding = 4; lastKnownFileType = sourcecode.cpp.h; path = SortAlgorithm.hpp; sourceTree = "<group>"; };
		826834821D9ED961000C28C1 /* RadixSort.cpp */ = {isa = PBXFileReference; fileEncoding = 4; lastKnownFileType = sourcecode.cpp.cpp; name = RadixSort.cpp; path = ../RadixSort.cpp; sourceTree = "<group>"; };
		826834831D9ED961000C28C1 /* RadixSort.hpp */ = {isa = PBXFileReference; fileEncoding = 4; lastKnownFileType = sourcecode.cpp.h; name = RadixSort.hpp; path = ../RadixSort.hpp; sourceTree = "<group>"; };
		826834851D9EDA40000C28C1 /* CountingSort.cpp */ = {isa = PBXFileReference; fileEncoding = 4; lastKnownFileType = sourcecode.cpp.cpp; name = CountingSort.cpp; path = ../CountingSort.cpp; sourceTree = "<group>"; };
		826834861D9EDA40000C28C1 /* CountingSort.hpp */ = {isa = PBXFileReference; fileEncoding = 4; lastKnownFileType = sourcecode.cpp.h; name = CountingSort.hpp; path = ../CountingSort.hpp; sourceTree = "<group>"; };
		826834881D9EDA8F000C28C1 /* Helper.cpp */ = {isa = PBXFileReference; fileEncoding = 4; lastKnownFileType = sourcecode.cpp.cpp; path = Helper.cpp; sourceTree = "<group>"; };
		826834891D9EDA8F000C28C1 /* Helper.hpp */ = {isa = PBXFileReference; fileEncoding = 4; lastKnownFileType = sourcecode.cpp.h; path = Helper.hpp; sourceTree = "<group>"; };
		8268348B1D9EDBB7000C28C1 /* BubbleSort.cpp */ = {isa = PBXFileReference; fileEncoding = 4; lastKnownFileType = sourcecode.cpp.cpp; path = BubbleSort.cpp; sourceTree = "<group>"; };
		8268348C1D9EDBB7000C28C1 /* BubbleSort.hpp */ = {isa = PBXFileReference; fileEncoding = 4; lastKnownFileType = sourcecode.cpp.h; path = BubbleSort.hpp; sourceTree = "<group>"; };
		8268348E1D9EDC7D000C28C1 /* HeapSort.cpp */ = {isa = PBXFileReference; fileEncoding = 4; lastKnownFileType = sourcecode.cpp.cpp; path = HeapSort.cpp; sourceTree = "<group>"; };
		8268348F1D9EDC7D000C28C1 /* HeapSort.hpp */ = {isa = PBXFileReference; fileEncoding = 4; lastKnownFileType = sourcecode.cpp.h; path = HeapSort.hpp; sourceTree = "<group>"; };
		826834911D9EDFC6000C28C1 /* InsertionSort.cpp */ = {isa = PBXFileReference; fileEncoding = 4; lastKnownFileType = sourcecode.cpp.cpp; path = InsertionSort.cpp; sourceTree = "<group>"; };
		826834921D9EDFC6000C28C1 /* InsertionSort.hpp */ = {isa = PBXFileReference; fileEncoding = 4; lastKnownFileType = sourcecode.cpp.h; path = InsertionSort.hpp; sourceTree = "<group>"; };
		826834941D9EE127000C28C1 /* SelectionSort.cpp */ = {isa = PBXFileReference; fileEncoding = 4; lastKnownFileType = sourcecode.cpp.cpp; path = SelectionSort.cpp; sourceTree = "<group>"; };
		826834951D9EE127000C28C1 /* SelectionSort.hpp */ = {isa = PBXFileReference; fileEncoding = 4; lastKnownFileType = sourcecode.cpp.h; path = SelectionSort.hpp; sourceTree = "<group>"; };
		826834971D9EE2FE000C28C1 /* QuickSort.cpp */ = {isa = PBXFileReference; fileEncoding = 4; lastKnownFileType = sourcecode.cpp.cpp; path = QuickSort.cpp; sourceTree = "<group>"; };
		826834981D9EE2FE000C28C1 /* QuickSort.hpp */ = {isa = PBXFileReference; fileEncoding = 4; lastKnownFileType = sourcecode.cpp.h; path = QuickSort.hpp; sourceTree = "<group>"; };
/* End PBXFileReference section */

/* Begin PBXFrameworksBuildPhase section */
		8268346A1D9ED285000C28C1 /* Frameworks */ = {
			isa = PBXFrameworksBuildPhase;
			buildActionMask = 2147483647;
			files = (
			);
			runOnlyForDeploymentPostprocessing = 0;
		};
/* End PBXFrameworksBuildPhase section */

/* Begin PBXGroup section */
		826834641D9ED285000C28C1 = {
			isa = PBXGroup;
			children = (
				8268346F1D9ED286000C28C1 /* TrabalhoComparacaoOrdenacoes */,
				8268346E1D9ED286000C28C1 /* Products */,
			);
			sourceTree = "<group>";
		};
		8268346E1D9ED286000C28C1 /* Products */ = {
			isa = PBXGroup;
			children = (
				8268346D1D9ED286000C28C1 /* TrabalhoComparacaoOrdenacoes */,
			);
			name = Products;
			sourceTree = "<group>";
		};
		8268346F1D9ED286000C28C1 /* TrabalhoComparacaoOrdenacoes */ = {
			isa = PBXGroup;
			children = (
				8268347F1D9ED866000C28C1 /* SortAlgorithm.hpp */,
				826834851D9EDA40000C28C1 /* CountingSort.cpp */,
				826834861D9EDA40000C28C1 /* CountingSort.hpp */,
				826834821D9ED961000C28C1 /* RadixSort.cpp */,
				826834831D9ED961000C28C1 /* RadixSort.hpp */,
				8268348E1D9EDC7D000C28C1 /* HeapSort.cpp */,
				8268348F1D9EDC7D000C28C1 /* HeapSort.hpp */,
				8268348B1D9EDBB7000C28C1 /* BubbleSort.cpp */,
				8268348C1D9EDBB7000C28C1 /* BubbleSort.hpp */,
				826834911D9EDFC6000C28C1 /* InsertionSort.cpp */,
				826834921D9EDFC6000C28C1 /* InsertionSort.hpp */,
				826834941D9EE127000C28C1 /* SelectionSort.cpp */,
				826834951D9EE127000C28C1 /* SelectionSort.hpp */,
				826834971D9EE2FE000C28C1 /* QuickSort.cpp */,
				826834981D9EE2FE000C28C1 /* QuickSort.hpp */,
				826834701D9ED286000C28C1 /* main.cpp */,
				8268347B1D9ED2CF000C28C1 /* Reader.cpp */,
				8268347C1D9ED2CF000C28C1 /* Reader.hpp */,
				826834881D9EDA8F000C28C1 /* Helper.cpp */,
				826834891D9EDA8F000C28C1 /* Helper.hpp */,
			);
			path = TrabalhoComparacaoOrdenacoes;
			sourceTree = "<group>";
		};
/* End PBXGroup section */

/* Begin PBXNativeTarget section */
		8268346C1D9ED285000C28C1 /* TrabalhoComparacaoOrdenacoes */ = {
			isa = PBXNativeTarget;
			buildConfigurationList = 826834741D9ED286000C28C1 /* Build configuration list for PBXNativeTarget "TrabalhoComparacaoOrdenacoes" */;
			buildPhases = (
				826834691D9ED285000C28C1 /* Sources */,
				8268346A1D9ED285000C28C1 /* Frameworks */,
				8268346B1D9ED285000C28C1 /* CopyFiles */,
			);
			buildRules = (
			);
			dependencies = (
			);
			name = TrabalhoComparacaoOrdenacoes;
			productName = TrabalhoComparacaoOrdenacoes;
			productReference = 8268346D1D9ED286000C28C1 /* TrabalhoComparacaoOrdenacoes */;
			productType = "com.apple.product-type.tool";
		};
/* End PBXNativeTarget section */

/* Begin PBXProject section */
		826834651D9ED285000C28C1 /* Project object */ = {
			isa = PBXProject;
			attributes = {
				LastUpgradeCheck = 0800;
				ORGANIZATIONNAME = "Yan Mendes";
				TargetAttributes = {
					8268346C1D9ED285000C28C1 = {
						CreatedOnToolsVersion = 8.0;
						ProvisioningStyle = Automatic;
					};
				};
			};
			buildConfigurationList = 826834681D9ED285000C28C1 /* Build configuration list for PBXProject "TrabalhoComparacaoOrdenacoes" */;
			compatibilityVersion = "Xcode 3.2";
			developmentRegion = English;
			hasScannedForEncodings = 0;
			knownRegions = (
				en,
			);
			mainGroup = 826834641D9ED285000C28C1;
			productRefGroup = 8268346E1D9ED286000C28C1 /* Products */;
			projectDirPath = "";
			projectRoot = "";
			targets = (
				8268346C1D9ED285000C28C1 /* TrabalhoComparacaoOrdenacoes */,
			);
		};
/* End PBXProject section */

/* Begin PBXSourcesBuildPhase section */
		826834691D9ED285000C28C1 /* Sources */ = {
			isa = PBXSourcesBuildPhase;
			buildActionMask = 2147483647;
			files = (
				826834901D9EDC7D000C28C1 /* HeapSort.cpp in Sources */,
				8268348A1D9EDA8F000C28C1 /* Helper.cpp in Sources */,
				8268348D1D9EDBB7000C28C1 /* BubbleSort.cpp in Sources */,
				826834991D9EE2FE000C28C1 /* QuickSort.cpp in Sources */,
				826834961D9EE127000C28C1 /* SelectionSort.cpp in Sources */,
				826834871D9EDA40000C28C1 /* CountingSort.cpp in Sources */,
				826834711D9ED286000C28C1 /* main.cpp in Sources */,
				826834931D9EDFC6000C28C1 /* InsertionSort.cpp in Sources */,
				826834841D9ED961000C28C1 /* RadixSort.cpp in Sources */,
				8268347D1D9ED2CF000C28C1 /* Reader.cpp in Sources */,
			);
			runOnlyForDeploymentPostprocessing = 0;
		};
/* End PBXSourcesBuildPhase section */

/* Begin XCBuildConfiguration section */
		826834721D9ED286000C28C1 /* Debug */ = {
			isa = XCBuildConfiguration;
			buildSettings = {
				ALWAYS_SEARCH_USER_PATHS = NO;
				CLANG_ANALYZER_NONNULL = YES;
				CLANG_CXX_LANGUAGE_STANDARD = "gnu++0x";
				CLANG_CXX_LIBRARY = "libc++";
				CLANG_ENABLE_MODULES = YES;
				CLANG_ENABLE_OBJC_ARC = YES;
				CLANG_WARN_BOOL_CONVERSION = YES;
				CLANG_WARN_CONSTANT_CONVERSION = YES;
				CLANG_WARN_DIRECT_OBJC_ISA_USAGE = YES_ERROR;
				CLANG_WARN_DOCUMENTATION_COMMENTS = YES;
				CLANG_WARN_EMPTY_BODY = YES;
				CLANG_WARN_ENUM_CONVERSION = YES;
				CLANG_WARN_INFINITE_RECURSION = YES;
				CLANG_WARN_INT_CONVERSION = YES;
				CLANG_WARN_OBJC_ROOT_CLASS = YES_ERROR;
				CLANG_WARN_SUSPICIOUS_MOVES = YES;
				CLANG_WARN_UNREACHABLE_CODE = YES;
				CLANG_WARN__DUPLICATE_METHOD_MATCH = YES;
				CODE_SIGN_IDENTITY = "-";
				COPY_PHASE_STRIP = NO;
				DEBUG_INFORMATION_FORMAT = dwarf;
				ENABLE_STRICT_OBJC_MSGSEND = YES;
				ENABLE_TESTABILITY = YES;
				GCC_C_LANGUAGE_STANDARD = gnu99;
				GCC_DYNAMIC_NO_PIC = NO;
				GCC_NO_COMMON_BLOCKS = YES;
				GCC_OPTIMIZATION_LEVEL = 0;
				GCC_PREPROCESSOR_DEFINITIONS = (
					"DEBUG=1",
					"$(inherited)",
				);
				GCC_WARN_64_TO_32_BIT_CONVERSION = YES;
				GCC_WARN_ABOUT_RETURN_TYPE = YES_ERROR;
				GCC_WARN_UNDECLARED_SELECTOR = YES;
				GCC_WARN_UNINITIALIZED_AUTOS = YES_AGGRESSIVE;
				GCC_WARN_UNUSED_FUNCTION = YES;
				GCC_WARN_UNUSED_VARIABLE = YES;
				MACOSX_DEPLOYMENT_TARGET = 10.12;
				MTL_ENABLE_DEBUG_INFO = YES;
				ONLY_ACTIVE_ARCH = YES;
				SDKROOT = macosx;
			};
			name = Debug;
		};
		826834731D9ED286000C28C1 /* Release */ = {
			isa = XCBuildConfiguration;
			buildSettings = {
				ALWAYS_SEARCH_USER_PATHS = NO;
				CLANG_ANALYZER_NONNULL = YES;
				CLANG_CXX_LANGUAGE_STANDARD = "gnu++0x";
				CLANG_CXX_LIBRARY = "libc++";
				CLANG_ENABLE_MODULES = YES;
				CLANG_ENABLE_OBJC_ARC = YES;
				CLANG_WARN_BOOL_CONVERSION = YES;
				CLANG_WARN_CONSTANT_CONVERSION = YES;
				CLANG_WARN_DIRECT_OBJC_ISA_USAGE = YES_ERROR;
				CLANG_WARN_DOCUMENTATION_COMMENTS = YES;
				CLANG_WARN_EMPTY_BODY = YES;
				CLANG_WARN_ENUM_CONVERSION = YES;
				CLANG_WARN_INFINITE_RECURSION = YES;
				CLANG_WARN_INT_CONVERSION = YES;
				CLANG_WARN_OBJC_ROOT_CLASS = YES_ERROR;
				CLANG_WARN_SUSPICIOUS_MOVES = YES;
				CLANG_WARN_UNREACHABLE_CODE = YES;
				CLANG_WARN__DUPLICATE_METHOD_MATCH = YES;
				CODE_SIGN_IDENTITY = "-";
				COPY_PHASE_STRIP = NO;
				DEBUG_INFORMATION_FORMAT = "dwarf-with-dsym";
				ENABLE_NS_ASSERTIONS = NO;
				ENABLE_STRICT_OBJC_MSGSEND = YES;
				GCC_C_LANGUAGE_STANDARD = gnu99;
				GCC_NO_COMMON_BLOCKS = YES;
				GCC_WARN_64_TO_32_BIT_CONVERSION = YES;
				GCC_WARN_ABOUT_RETURN_TYPE = YES_ERROR;
				GCC_WARN_UNDECLARED_SELECTOR = YES;
				GCC_WARN_UNINITIALIZED_AUTOS = YES_AGGRESSIVE;
				GCC_WARN_UNUSED_FUNCTION = YES;
				GCC_WARN_UNUSED_VARIABLE = YES;
				MACOSX_DEPLOYMENT_TARGET = 10.12;
				MTL_ENABLE_DEBUG_INFO = NO;
				SDKROOT = macosx;
			};
			name = Release;
		};
		826834751D9ED286000C28C1 /* Debug */ = {
			isa = XCBuildConfiguration;
			buildSettings = {
				PRODUCT_NAME = "$(TARGET_NAME)";
			};
			name = Debug;
		};
		826834761D9ED286000C28C1 /* Release */ = {
			isa = XCBuildConfiguration;
			buildSettings = {
				PRODUCT_NAME = "$(TARGET_NAME)";
			};
			name = Release;
		};
/* End XCBuildConfiguration section */

/* Begin XCConfigurationList section */
		826834681D9ED285000C28C1 /* Build configuration list for PBXProject "TrabalhoComparacaoOrdenacoes" */ = {
			isa = XCConfigurationList;
			buildConfigurations = (
				826834721D9ED286000C28C1 /* Debug */,
				826834731D9ED286000C28C1 /* Release */,
			);
			defaultConfigurationIsVisible = 0;
			defaultConfigurationName = Release;
		};
		826834741D9ED286000C28C1 /* Build configuration list for PBXNativeTarget "TrabalhoComparacaoOrdenacoes" */ = {
			isa = XCConfigurationList;
			buildConfigurations = (
				826834751D9ED286000C28C1 /* Debug */,
				826834761D9ED286000C28C1 /* Release */,
			);
			defaultConfigurationIsVisible = 0;
		};
/* End XCConfigurationList section */
	};
	rootObject = 826834651D9ED285000C28C1 /* Project object */;
}
